
Microsoft Visual Studio Solution File, Format Version 12.00
# Visual Studio Version 17
VisualStudioVersion = 17.6.33712.159
MinimumVisualStudioVersion = 10.0.40219.1
Project("{9A19103F-16F7-4668-BE54-9A1E7A4F7556}") = "Frontend", "Frontend\Frontend.csproj", "{464EC60E-8EE0-44AA-9159-A5309459DD0A}"
EndProject
Project("{9A19103F-16F7-4668-BE54-9A1E7A4F7556}") = "AddService", "AddService\AddService.csproj", "{2482F15A-D312-4E08-97B3-46E8E2028557}"
EndProject
Project("{FAE04EC0-301F-11D3-BF4B-00C04F79EFBC}") = "SubService", "SubService\SubService.csproj", "{F9D482C2-87EB-4AF2-BFCF-2DA8735245CF}"
EndProject
Global
	GlobalSection(SolutionConfigurationPlatforms) = preSolution
		Debug|Any CPU = Debug|Any CPU
		Release|Any CPU = Release|Any CPU
	EndGlobalSection
	GlobalSection(ProjectConfigurationPlatforms) = postSolution
		{464EC60E-8EE0-44AA-9159-A5309459DD0A}.Debug|Any CPU.ActiveCfg = Debug|Any CPU
		{464EC60E-8EE0-44AA-9159-A5309459DD0A}.Debug|Any CPU.Build.0 = Debug|Any CPU
		{464EC60E-8EE0-44AA-9159-A5309459DD0A}.Release|Any CPU.ActiveCfg = Release|Any CPU
		{464EC60E-8EE0-44AA-9159-A5309459DD0A}.Release|Any CPU.Build.0 = Release|Any CPU
		{2482F15A-D312-4E08-97B3-46E8E2028557}.Debug|Any CPU.ActiveCfg = Debug|Any CPU
		{2482F15A-D312-4E08-97B3-46E8E2028557}.Debug|Any CPU.Build.0 = Debug|Any CPU
		{2482F15A-D312-4E08-97B3-46E8E2028557}.Release|Any CPU.ActiveCfg = Release|Any CPU
		{2482F15A-D312-4E08-97B3-46E8E2028557}.Release|Any CPU.Build.0 = Release|Any CPU
		{F9D482C2-87EB-4AF2-BFCF-2DA8735245CF}.Debug|Any CPU.ActiveCfg = Debug|Any CPU
		{F9D482C2-87EB-4AF2-BFCF-2DA8735245CF}.Debug|Any CPU.Build.0 = Debug|Any CPU
		{F9D482C2-87EB-4AF2-BFCF-2DA8735245CF}.Release|Any CPU.ActiveCfg = Release|Any CPU
		{F9D482C2-87EB-4AF2-BFCF-2DA8735245CF}.Release|Any CPU.Build.0 = Release|Any CPU
	EndGlobalSection
	GlobalSection(SolutionProperties) = preSolution
		HideSolutionNode = FALSE
	EndGlobalSection
	GlobalSection(ExtensibilityGlobals) = postSolution
		SolutionGuid = {69C88DBB-716C-40FA-89AD-614332DAF128}
	EndGlobalSection
EndGlobal
